
Microsoft Visual Studio Solution File, Format Version 12.00
# Visual Studio 15
VisualStudioVersion = 15.0.27703.2042
MinimumVisualStudioVersion = 10.0.40219.1
Project("{FAE04EC0-301F-11D3-BF4B-00C04F79EFBC}") = "SchoolSoft V1.2", "SchoolSoft V1.2\SchoolSoft V1.2.csproj", "{278D4C7B-AD4F-4D7D-B2FE-034893BAE238}"
EndProject
Global
	GlobalSection(SolutionConfigurationPlatforms) = preSolution
		Debug|Any CPU = Debug|Any CPU
		Release|Any CPU = Release|Any CPU
	EndGlobalSection
	GlobalSection(ProjectConfigurationPlatforms) = postSolution
		{278D4C7B-AD4F-4D7D-B2FE-034893BAE238}.Debug|Any CPU.ActiveCfg = Debug|Any CPU
		{278D4C7B-AD4F-4D7D-B2FE-034893BAE238}.Debug|Any CPU.Build.0 = Debug|Any CPU
		{278D4C7B-AD4F-4D7D-B2FE-034893BAE238}.Release|Any CPU.ActiveCfg = Release|Any CPU
		{278D4C7B-AD4F-4D7D-B2FE-034893BAE238}.Release|Any CPU.Build.0 = Release|Any CPU
	EndGlobalSection
	GlobalSection(SolutionProperties) = preSolution
		HideSolutionNode = FALSE
	EndGlobalSection
	GlobalSection(ExtensibilityGlobals) = postSolution
		SolutionGuid = {2EFF9EC9-43CD-4385-B6C6-DF8FF03253AC}
	EndGlobalSection
EndGlobal
